
Microsoft Visual Studio Solution File, Format Version 12.00
# Visual Studio Version 17
VisualStudioVersion = 17.5.33627.172
MinimumVisualStudioVersion = 10.0.40219.1
Project("{2150E333-8FDC-42A3-9474-1A3956D46DE8}") = "css", "css", "{42AF7DB6-E25D-4FCD-9D64-4BE9625958F2}"
	ProjectSection(SolutionItems) = preProject
		styles.css = styles.css
	EndProjectSection
EndProject
Project("{2150E333-8FDC-42A3-9474-1A3956D46DE8}") = "js", "js", "{1DAF5B0D-B572-4AFC-9F96-E904F777EADD}"
	ProjectSection(SolutionItems) = preProject
		script.js = script.js
	EndProjectSection
EndProject
Project("{2150E333-8FDC-42A3-9474-1A3956D46DE8}") = "includes", "includes", "{1BA97E6D-8864-48DA-B140-A1B75F7A73AD}"
	ProjectSection(SolutionItems) = preProject
		addorder.php = addorder.php
		db.php = db.php
		getProductData.php = getProductData.php
		getProducts.php = getProducts.php
		getUser.php = getUser.php
	EndProjectSection
EndProject
Project("{2150E333-8FDC-42A3-9474-1A3956D46DE8}") = "Solution Items", "Solution Items", "{0A6175DF-E6BF-48F9-A9AE-B557ACFBFD7C}"
	ProjectSection(SolutionItems) = preProject
		.htaccess = .htaccess
		about.php = about.php
		contact.php = contact.php
		index.php = index.php
		login.php = login.php
		main.php = main.php
		product.php = product.php
		register.php = register.php
		setSession.php = setSession.php
	EndProjectSection
EndProject
Project("{2150E333-8FDC-42A3-9474-1A3956D46DE8}") = "login", "login", "{ED74BB12-D646-4BB7-9532-41C1FC052D52}"
	ProjectSection(SolutionItems) = preProject
		login.css = login.css
		login.html = login.html
		login.js = login.js
	EndProjectSection
EndProject
Project("{2150E333-8FDC-42A3-9474-1A3956D46DE8}") = "register", "register", "{7D0482B5-33AB-4C6A-98D3-6D7AFA7059B1}"
	ProjectSection(SolutionItems) = preProject
		register.css = register.css
		register.html = register.html
		register.js = register.js
	EndProjectSection
EndProject
Project("{2150E333-8FDC-42A3-9474-1A3956D46DE8}") = "main", "main", "{A5B63CA6-9043-4E79-99B7-E4B9D1DE0DC1}"
	ProjectSection(SolutionItems) = preProject
		main.css = main.css
		main.html = main.html
		main.js = main.js
	EndProjectSection
EndProject
Project("{2150E333-8FDC-42A3-9474-1A3956D46DE8}") = "basicComponents", "basicComponents", "{78FE863E-F774-45AE-B45D-9B70119FEA3A}"
	ProjectSection(SolutionItems) = preProject
		footer.php = footer.php
		header.php = header.php
	EndProjectSection
EndProject
Project("{2150E333-8FDC-42A3-9474-1A3956D46DE8}") = "Error", "Error", "{A2431319-B2C4-4CF3-9442-BA7CAD5E8F7F}"
	ProjectSection(SolutionItems) = preProject
		error.html = error.html
		error.php = error.php
	EndProjectSection
EndProject
Project("{2150E333-8FDC-42A3-9474-1A3956D46DE8}") = "product", "product", "{7C5AC3A8-6B3D-494F-AB0F-DCF243324C9E}"
	ProjectSection(SolutionItems) = preProject
		product.css = product.css
		product.html = product.html
		product.js = product.js
	EndProjectSection
EndProject
Global
	GlobalSection(SolutionProperties) = preSolution
		HideSolutionNode = FALSE
	EndGlobalSection
	GlobalSection(ExtensibilityGlobals) = postSolution
		SolutionGuid = {5B819D89-7B70-4D57-B896-D3F5E1F82C59}
	EndGlobalSection
EndGlobal
